<?xml version="1.0" encoding="utf-8"?>
<Project ToolsVersion="4.0" xmlns="http://schemas.microsoft.com/developer/msbuild/2003">
  <ItemGroup>
    <ClCompile Include="GameLib\debug.cpp" />
    <ClCompile Include="GameLib\depth_stencil.cpp" />
    <ClCompile Include="GameLib\dxtk_audio.cpp" />
    <ClCompile Include="GameLib\font.cpp" />
    <ClCompile Include="GameLib\frame_rate.cpp" />
    <ClCompile Include="GameLib\game_lib.cpp" />
    <ClCompile Include="GameLib\input_manager.cpp" />
    <ClCompile Include="GameLib\obj2d_data.cpp" />
    <ClCompile Include="GameLib\primitive.cpp" />
    <ClCompile Include="GameLib\resource_manager.cpp" />
    <ClCompile Include="GameLib\sprite.cpp" />
    <ClCompile Include="GameLib\texture.cpp" />
    <ClCompile Include="GameLib\vector.cpp" />
    <ClCompile Include="GameLib\view_settings.cpp" />
    <ClCompile Include="GameLib\wnd_proc.cpp" />
    <ClCompile Include="imgui\imgui.cpp" />
    <ClCompile Include="imgui\imgui_demo.cpp" />
    <ClCompile Include="imgui\imgui_draw.cpp" />
    <ClCompile Include="imgui\imgui_impl_dx11.cpp" />
    <ClCompile Include="imgui\imgui_impl_win32.cpp" />
    <ClCompile Include="imgui\imgui_tables.cpp" />
    <ClCompile Include="imgui\imgui_widgets.cpp" />
    <ClCompile Include="SourceCode\audio.cpp" />
    <ClCompile Include="SourceCode\Character.cpp" />
    <ClCompile Include="SourceCode\main.cpp" />
    <ClCompile Include="SourceCode\Mapchip.cpp" />
    <ClCompile Include="SourceCode\Number.cpp" />
    <ClCompile Include="SourceCode\player.cpp" />
    <ClCompile Include="SourceCode\SceneGame.cpp" />
    <ClCompile Include="SourceCode\SceneResult.cpp" />
    <ClCompile Include="SourceCode\SceneTitle.cpp" />
    <ClCompile Include="SourceCode\SceneTutorial.cpp" />
    <ClCompile Include="SourceCode\Scene_GameArea1.cpp" />
    <ClCompile Include="SourceCode\Scene_GameArea2.cpp" />
    <ClCompile Include="SourceCode\Scene_GameArea3.cpp" />
    <ClCompile Include="SourceCode\StageSelect.cpp" />
    <ClCompile Include="SourceCode\MapchipInitializ.cpp" />
  </ItemGroup>
  <ItemGroup>
    <ClInclude Include="GameLib\blender.h" />
    <ClInclude Include="GameLib\debug.h" />
    <ClInclude Include="GameLib\depth_stencil.h" />
    <ClInclude Include="GameLib\dxtk_audio.h" />
    <ClInclude Include="GameLib\font.h" />
    <ClInclude Include="GameLib\frame_rate.h" />
    <ClInclude Include="GameLib\game_lib.h" />
    <ClInclude Include="GameLib\high_resolution_timer.h" />
    <ClInclude Include="GameLib\input_manager.h" />
    <ClInclude Include="GameLib\misc.h" />
    <ClInclude Include="GameLib\obj2d_data.h" />
    <ClInclude Include="GameLib\primitive.h" />
    <ClInclude Include="GameLib\resource_manager.h" />
    <ClInclude Include="GameLib\sprite.h" />
    <ClInclude Include="GameLib\system.h" />
    <ClInclude Include="GameLib\texture.h" />
    <ClInclude Include="GameLib\util.h" />
    <ClInclude Include="GameLib\vector.h" />
    <ClInclude Include="GameLib\view_settings.h" />
    <ClInclude Include="imgui\imconfig.h" />
    <ClInclude Include="imgui\imgui.h" />
    <ClInclude Include="imgui\imgui_impl_dx11.h" />
    <ClInclude Include="imgui\imgui_impl_win32.h" />
    <ClInclude Include="imgui\imgui_internal.h" />
    <ClInclude Include="imgui\imstb_rectpack.h" />
    <ClInclude Include="imgui\imstb_textedit.h" />
    <ClInclude Include="imgui\imstb_truetype.h" />
    <ClInclude Include="SourceCode\audio.h" />
    <ClInclude Include="SourceCode\Character.h" />
    <ClInclude Include="SourceCode\common.h" />
    <ClInclude Include="SourceCode\GameTimer.h" />
    <ClInclude Include="SourceCode\Mapchip.h" />
    <ClInclude Include="SourceCode\Number.h" />
    <ClInclude Include="SourceCode\player.h" />
    <ClInclude Include="SourceCode\SceneBase.h" />
    <ClInclude Include="SourceCode\SceneManager.h" />
    <ClInclude Include="SourceCode\SceneGame.h" />
    <ClInclude Include="SourceCode\SceneResult.h" />
    <ClInclude Include="SourceCode\SceneTitle.h" />
    <ClInclude Include="SourceCode\SceneTutorial.h" />
    <ClInclude Include="SourceCode\Scene_GameArea1.h" />
    <ClInclude Include="SourceCode\Scene_GameArea2.h" />
    <ClInclude Include="SourceCode\Scene_GameArea3.h" />
    <ClInclude Include="SourceCode\StageSelect.h" />
  </ItemGroup>
</Project>